github.com/Compogo/compogo v0.0.16 h1:bWPMkYMKr5E94N4poHh3DX8EnmmoprL/h0amQCk0wrQ=
github.com/Compogo/compogo v0.0.16/go.mod h1:LbPhr7u4g11Lv8c9tifDnD7aJf3nNRhdsz1LlMdMGcY=
github.com/Compogo/runner v0.0.5 h1:Q9a1VfkJ0ElINoEYuhVNmj9KCQMBzEs/7DzIsDaoTJQ=
github.com/Compogo/runner v0.0.5/go.mod h1:4Hpaif6yFwJqQ9+XU3+QkxbXOY2qk3VM61vAxZgASbc=
